<?xml version="1.0" encoding="utf-8"?>
<Project ToolsVersion="17.0" xmlns="http://schemas.microsoft.com/developer/msbuild/2003">
  <ItemGroup>
    <ClCompile Include="C:\Users\Bjarke\GraphicsProgramming\graphics-programming-2024\exercises\exercise00\main.cpp">
      <Filter>Source Files</Filter>
    </ClCompile>
  </ItemGroup>
  <ItemGroup>
    <CustomBuild Include="C:\Users\Bjarke\GraphicsProgramming\graphics-programming-2024\exercises\exercise00\CMakeLists.txt" />
  </ItemGroup>
  <ItemGroup>
    <Filter Include="Source Files">
      <UniqueIdentifier>{D7B3301E-1C1C-336F-B179-58BC3A55B590}</UniqueIdentifier>
    </Filter>
  </ItemGroup>
</Project>
